
Microsoft Visual Studio Solution File, Format Version 12.00
# Visual Studio 15
VisualStudioVersion = 15.0.28010.2036
MinimumVisualStudioVersion = 10.0.40219.1
Project("{8BC9CEB8-8B4A-11D0-8D11-00A0C91BC942}") = "main.c", "main.c\main.c.vcxproj", "{21E71834-5F32-43F3-AFC3-63DD6FC5D641}"
EndProject
Global
	GlobalSection(SolutionConfigurationPlatforms) = preSolution
		Debug|x64 = Debug|x64
		Debug|x86 = Debug|x86
		Release|x64 = Release|x64
		Release|x86 = Release|x86
	EndGlobalSection
	GlobalSection(ProjectConfigurationPlatforms) = postSolution
		{21E71834-5F32-43F3-AFC3-63DD6FC5D641}.Debug|x64.ActiveCfg = Debug|x64
		{21E71834-5F32-43F3-AFC3-63DD6FC5D641}.Debug|x64.Build.0 = Debug|x64
		{21E71834-5F32-43F3-AFC3-63DD6FC5D641}.Debug|x86.ActiveCfg = Debug|Win32
		{21E71834-5F32-43F3-AFC3-63DD6FC5D641}.Debug|x86.Build.0 = Debug|Win32
		{21E71834-5F32-43F3-AFC3-63DD6FC5D641}.Release|x64.ActiveCfg = Release|x64
		{21E71834-5F32-43F3-AFC3-63DD6FC5D641}.Release|x64.Build.0 = Release|x64
		{21E71834-5F32-43F3-AFC3-63DD6FC5D641}.Release|x86.ActiveCfg = Release|Win32
		{21E71834-5F32-43F3-AFC3-63DD6FC5D641}.Release|x86.Build.0 = Release|Win32
	EndGlobalSection
	GlobalSection(SolutionProperties) = preSolution
		HideSolutionNode = FALSE
	EndGlobalSection
	GlobalSection(ExtensibilityGlobals) = postSolution
		SolutionGuid = {C6C92F0E-8141-44E7-98AB-928FB0331754}
	EndGlobalSection
EndGlobal
